
Microsoft Visual Studio Solution File, Format Version 12.00
# Visual Studio Version 17
VisualStudioVersion = 17.4.33213.308
MinimumVisualStudioVersion = 10.0.40219.1
Project("{FAE04EC0-301F-11D3-BF4B-00C04F79EFBC}") = "sayının-karesini-alma", "sayının-karesini-alma.csproj", "{9C4F4A8D-4029-478E-9A3F-1638F8ACE195}"
EndProject
Global
	GlobalSection(SolutionConfigurationPlatforms) = preSolution
		Debug|Any CPU = Debug|Any CPU
		Release|Any CPU = Release|Any CPU
	EndGlobalSection
	GlobalSection(ProjectConfigurationPlatforms) = postSolution
		{9C4F4A8D-4029-478E-9A3F-1638F8ACE195}.Debug|Any CPU.ActiveCfg = Debug|Any CPU
		{9C4F4A8D-4029-478E-9A3F-1638F8ACE195}.Debug|Any CPU.Build.0 = Debug|Any CPU
		{9C4F4A8D-4029-478E-9A3F-1638F8ACE195}.Release|Any CPU.ActiveCfg = Release|Any CPU
		{9C4F4A8D-4029-478E-9A3F-1638F8ACE195}.Release|Any CPU.Build.0 = Release|Any CPU
	EndGlobalSection
	GlobalSection(SolutionProperties) = preSolution
		HideSolutionNode = FALSE
	EndGlobalSection
	GlobalSection(ExtensibilityGlobals) = postSolution
		SolutionGuid = {76735898-2C9B-4B7F-AE01-19E16CB86A2F}
	EndGlobalSection
EndGlobal
